
Microsoft Visual Studio Solution File, Format Version 11.00
# Visual Studio 2010
Project("{FAE04EC0-301F-11D3-BF4B-00C04F79EFBC}") = "WcfService", "WcfService\WcfService.csproj", "{515C5D19-7C39-42D3-9691-52B14255358D}"
EndProject
Project("{FAE04EC0-301F-11D3-BF4B-00C04F79EFBC}") = "Presentation", "Presentation\Presentation.csproj", "{4068D967-6E16-49E8-886B-0CFB1964155C}"
EndProject
Global
	GlobalSection(SolutionConfigurationPlatforms) = preSolution
		Debug|Any CPU = Debug|Any CPU
		Release|Any CPU = Release|Any CPU
	EndGlobalSection
	GlobalSection(ProjectConfigurationPlatforms) = postSolution
		{515C5D19-7C39-42D3-9691-52B14255358D}.Debug|Any CPU.ActiveCfg = Debug|Any CPU
		{515C5D19-7C39-42D3-9691-52B14255358D}.Debug|Any CPU.Build.0 = Debug|Any CPU
		{515C5D19-7C39-42D3-9691-52B14255358D}.Release|Any CPU.ActiveCfg = Release|Any CPU
		{515C5D19-7C39-42D3-9691-52B14255358D}.Release|Any CPU.Build.0 = Release|Any CPU
		{4068D967-6E16-49E8-886B-0CFB1964155C}.Debug|Any CPU.ActiveCfg = Debug|Any CPU
		{4068D967-6E16-49E8-886B-0CFB1964155C}.Debug|Any CPU.Build.0 = Debug|Any CPU
		{4068D967-6E16-49E8-886B-0CFB1964155C}.Release|Any CPU.ActiveCfg = Release|Any CPU
		{4068D967-6E16-49E8-886B-0CFB1964155C}.Release|Any CPU.Build.0 = Release|Any CPU
	EndGlobalSection
	GlobalSection(SolutionProperties) = preSolution
		HideSolutionNode = FALSE
	EndGlobalSection
EndGlobal
